
Microsoft Visual Studio Solution File, Format Version 12.00
# Visual Studio Version 17
VisualStudioVersion = 17.10.35013.160
MinimumVisualStudioVersion = 10.0.40219.1
Project("{FAE04EC0-301F-11D3-BF4B-00C04F79EFBC}") = "Store", "Store\Store.csproj", "{3AF353DA-3213-4194-8AD0-3F07EF592FAB}"
EndProject
Global
	GlobalSection(SolutionConfigurationPlatforms) = preSolution
		Debug|Any CPU = Debug|Any CPU
		Release|Any CPU = Release|Any CPU
	EndGlobalSection
	GlobalSection(ProjectConfigurationPlatforms) = postSolution
		{3AF353DA-3213-4194-8AD0-3F07EF592FAB}.Debug|Any CPU.ActiveCfg = Debug|Any CPU
		{3AF353DA-3213-4194-8AD0-3F07EF592FAB}.Debug|Any CPU.Build.0 = Debug|Any CPU
		{3AF353DA-3213-4194-8AD0-3F07EF592FAB}.Release|Any CPU.ActiveCfg = Release|Any CPU
		{3AF353DA-3213-4194-8AD0-3F07EF592FAB}.Release|Any CPU.Build.0 = Release|Any CPU
	EndGlobalSection
	GlobalSection(SolutionProperties) = preSolution
		HideSolutionNode = FALSE
	EndGlobalSection
	GlobalSection(ExtensibilityGlobals) = postSolution
		SolutionGuid = {995CD5D3-2B04-4E92-9544-18A03DF4D8A3}
	EndGlobalSection
EndGlobal
